
Microsoft Visual Studio Solution File, Format Version 12.00
# Visual Studio Version 17
VisualStudioVersion = 17.11.35005.142
MinimumVisualStudioVersion = 10.0.40219.1
Project("{9A19103F-16F7-4668-BE54-9A1E7A4F7556}") = "06Ex_StudentSGrading", "06Ex_StudentSCrading\06Ex_StudentSGrading.csproj", "{D54B8B94-2117-43D2-A5FB-6E5BD8EC4E07}"
EndProject
Project("{9A19103F-16F7-4668-BE54-9A1E7A4F7556}") = "07Ex_SecondsInADay", "07Ex_SecondsInADay\07Ex_SecondsInADay.csproj", "{D9552C0B-F242-4F9A-A723-077381552A1F}"
EndProject
Project("{9A19103F-16F7-4668-BE54-9A1E7A4F7556}") = "08Ex_Positivity", "08Ex_Positivity\08Ex_Positivity.csproj", "{C3D9AEE8-B297-4F90-8419-9116A30ED822}"
EndProject
Project("{9A19103F-16F7-4668-BE54-9A1E7A4F7556}") = "09Ex_LargerThanOrEqualTo", "09Ex_LargerThanOrEqualTo\09Ex_LargerThanOrEqualTo.csproj", "{61D9F6E0-83C4-4AB9-9470-190675F02220}"
EndProject
Project("{9A19103F-16F7-4668-BE54-9A1E7A4F7556}") = "10Ex_Password", "10Ex_Password\10Ex_Password.csproj", "{F732C68E-31E3-4CD8-A34E-B3A7067FAF2F}"
EndProject
Project("{9A19103F-16F7-4668-BE54-9A1E7A4F7556}") = "11Ex_RandomDice", "11Ex_RandomDice\11Ex_RandomDice.csproj", "{2377656B-2B07-430F-8C64-1283B9A44CDD}"
EndProject
Project("{9A19103F-16F7-4668-BE54-9A1E7A4F7556}") = "12Ex_LeapYear", "12Ex_LeapYear\12Ex_LeapYear.csproj", "{B310CCEE-C453-4C6C-9E5D-0D2A08FC9739}"
EndProject
Project("{9A19103F-16F7-4668-BE54-9A1E7A4F7556}") = "13Ex_GiftTax", "13Ex_GiftTax\13Ex_GiftTax.csproj", "{ADCCC83C-6E08-4979-8E7E-A4B3648C54BC}"
EndProject
Project("{FAE04EC0-301F-11D3-BF4B-00C04F79EFBC}") = "01EX_HelloCsharp", "01EX_HelloCsharp\01EX_HelloCsharp.csproj", "{195B8ADB-012B-441F-92EC-8660DB7929B4}"
EndProject
Project("{FAE04EC0-301F-11D3-BF4B-00C04F79EFBC}") = "02Ex_ReadLine", "02Ex_ReadLine\02Ex_ReadLine.csproj", "{CBBDEE8B-656A-47E4-90EF-39B9CB4A0B5D}"
EndProject
Project("{FAE04EC0-301F-11D3-BF4B-00C04F79EFBC}") = "03Ex_Variables", "03Ex_Variables\03Ex_Variables.csproj", "{F95EB16F-E618-4C0F-B8D4-802A9D7764AB}"
EndProject
Project("{FAE04EC0-301F-11D3-BF4B-00C04F79EFBC}") = "04Ex_TypeConversions", "04Ex_TypeConversions\04Ex_TypeConversions.csproj", "{2FC0FCF7-2F91-4912-A8C8-1624143EB425}"
EndProject
Project("{FAE04EC0-301F-11D3-BF4B-00C04F79EFBC}") = "05Ex_FahrenheitToCelsius", "05Ex_FahrenheitToCelsius\05Ex_FahrenheitToCelsius.csproj", "{4140B3AC-16CE-49F4-88D4-B97B14B9917C}"
EndProject
Global
	GlobalSection(SolutionConfigurationPlatforms) = preSolution
		Debug|Any CPU = Debug|Any CPU
		Release|Any CPU = Release|Any CPU
	EndGlobalSection
	GlobalSection(ProjectConfigurationPlatforms) = postSolution
		{D54B8B94-2117-43D2-A5FB-6E5BD8EC4E07}.Debug|Any CPU.ActiveCfg = Debug|Any CPU
		{D54B8B94-2117-43D2-A5FB-6E5BD8EC4E07}.Debug|Any CPU.Build.0 = Debug|Any CPU
		{D54B8B94-2117-43D2-A5FB-6E5BD8EC4E07}.Release|Any CPU.ActiveCfg = Release|Any CPU
		{D54B8B94-2117-43D2-A5FB-6E5BD8EC4E07}.Release|Any CPU.Build.0 = Release|Any CPU
		{D9552C0B-F242-4F9A-A723-077381552A1F}.Debug|Any CPU.ActiveCfg = Debug|Any CPU
		{D9552C0B-F242-4F9A-A723-077381552A1F}.Debug|Any CPU.Build.0 = Debug|Any CPU
		{D9552C0B-F242-4F9A-A723-077381552A1F}.Release|Any CPU.ActiveCfg = Release|Any CPU
		{D9552C0B-F242-4F9A-A723-077381552A1F}.Release|Any CPU.Build.0 = Release|Any CPU
		{C3D9AEE8-B297-4F90-8419-9116A30ED822}.Debug|Any CPU.ActiveCfg = Debug|Any CPU
		{C3D9AEE8-B297-4F90-8419-9116A30ED822}.Debug|Any CPU.Build.0 = Debug|Any CPU
		{C3D9AEE8-B297-4F90-8419-9116A30ED822}.Release|Any CPU.ActiveCfg = Release|Any CPU
		{C3D9AEE8-B297-4F90-8419-9116A30ED822}.Release|Any CPU.Build.0 = Release|Any CPU
		{61D9F6E0-83C4-4AB9-9470-190675F02220}.Debug|Any CPU.ActiveCfg = Debug|Any CPU
		{61D9F6E0-83C4-4AB9-9470-190675F02220}.Debug|Any CPU.Build.0 = Debug|Any CPU
		{61D9F6E0-83C4-4AB9-9470-190675F02220}.Release|Any CPU.ActiveCfg = Release|Any CPU
		{61D9F6E0-83C4-4AB9-9470-190675F02220}.Release|Any CPU.Build.0 = Release|Any CPU
		{F732C68E-31E3-4CD8-A34E-B3A7067FAF2F}.Debug|Any CPU.ActiveCfg = Debug|Any CPU
		{F732C68E-31E3-4CD8-A34E-B3A7067FAF2F}.Debug|Any CPU.Build.0 = Debug|Any CPU
		{F732C68E-31E3-4CD8-A34E-B3A7067FAF2F}.Release|Any CPU.ActiveCfg = Release|Any CPU
		{F732C68E-31E3-4CD8-A34E-B3A7067FAF2F}.Release|Any CPU.Build.0 = Release|Any CPU
		{2377656B-2B07-430F-8C64-1283B9A44CDD}.Debug|Any CPU.ActiveCfg = Debug|Any CPU
		{2377656B-2B07-430F-8C64-1283B9A44CDD}.Debug|Any CPU.Build.0 = Debug|Any CPU
		{2377656B-2B07-430F-8C64-1283B9A44CDD}.Release|Any CPU.ActiveCfg = Release|Any CPU
		{2377656B-2B07-430F-8C64-1283B9A44CDD}.Release|Any CPU.Build.0 = Release|Any CPU
		{B310CCEE-C453-4C6C-9E5D-0D2A08FC9739}.Debug|Any CPU.ActiveCfg = Debug|Any CPU
		{B310CCEE-C453-4C6C-9E5D-0D2A08FC9739}.Debug|Any CPU.Build.0 = Debug|Any CPU
		{B310CCEE-C453-4C6C-9E5D-0D2A08FC9739}.Release|Any CPU.ActiveCfg = Release|Any CPU
		{B310CCEE-C453-4C6C-9E5D-0D2A08FC9739}.Release|Any CPU.Build.0 = Release|Any CPU
		{ADCCC83C-6E08-4979-8E7E-A4B3648C54BC}.Debug|Any CPU.ActiveCfg = Debug|Any CPU
		{ADCCC83C-6E08-4979-8E7E-A4B3648C54BC}.Debug|Any CPU.Build.0 = Debug|Any CPU
		{ADCCC83C-6E08-4979-8E7E-A4B3648C54BC}.Release|Any CPU.ActiveCfg = Release|Any CPU
		{ADCCC83C-6E08-4979-8E7E-A4B3648C54BC}.Release|Any CPU.Build.0 = Release|Any CPU
		{195B8ADB-012B-441F-92EC-8660DB7929B4}.Debug|Any CPU.ActiveCfg = Debug|Any CPU
		{195B8ADB-012B-441F-92EC-8660DB7929B4}.Debug|Any CPU.Build.0 = Debug|Any CPU
		{195B8ADB-012B-441F-92EC-8660DB7929B4}.Release|Any CPU.ActiveCfg = Release|Any CPU
		{195B8ADB-012B-441F-92EC-8660DB7929B4}.Release|Any CPU.Build.0 = Release|Any CPU
		{CBBDEE8B-656A-47E4-90EF-39B9CB4A0B5D}.Debug|Any CPU.ActiveCfg = Debug|Any CPU
		{CBBDEE8B-656A-47E4-90EF-39B9CB4A0B5D}.Debug|Any CPU.Build.0 = Debug|Any CPU
		{CBBDEE8B-656A-47E4-90EF-39B9CB4A0B5D}.Release|Any CPU.ActiveCfg = Release|Any CPU
		{CBBDEE8B-656A-47E4-90EF-39B9CB4A0B5D}.Release|Any CPU.Build.0 = Release|Any CPU
		{F95EB16F-E618-4C0F-B8D4-802A9D7764AB}.Debug|Any CPU.ActiveCfg = Debug|Any CPU
		{F95EB16F-E618-4C0F-B8D4-802A9D7764AB}.Debug|Any CPU.Build.0 = Debug|Any CPU
		{F95EB16F-E618-4C0F-B8D4-802A9D7764AB}.Release|Any CPU.ActiveCfg = Release|Any CPU
		{F95EB16F-E618-4C0F-B8D4-802A9D7764AB}.Release|Any CPU.Build.0 = Release|Any CPU
		{2FC0FCF7-2F91-4912-A8C8-1624143EB425}.Debug|Any CPU.ActiveCfg = Debug|Any CPU
		{2FC0FCF7-2F91-4912-A8C8-1624143EB425}.Debug|Any CPU.Build.0 = Debug|Any CPU
		{2FC0FCF7-2F91-4912-A8C8-1624143EB425}.Release|Any CPU.ActiveCfg = Release|Any CPU
		{2FC0FCF7-2F91-4912-A8C8-1624143EB425}.Release|Any CPU.Build.0 = Release|Any CPU
		{4140B3AC-16CE-49F4-88D4-B97B14B9917C}.Debug|Any CPU.ActiveCfg = Debug|Any CPU
		{4140B3AC-16CE-49F4-88D4-B97B14B9917C}.Debug|Any CPU.Build.0 = Debug|Any CPU
		{4140B3AC-16CE-49F4-88D4-B97B14B9917C}.Release|Any CPU.ActiveCfg = Release|Any CPU
		{4140B3AC-16CE-49F4-88D4-B97B14B9917C}.Release|Any CPU.Build.0 = Release|Any CPU
	EndGlobalSection
	GlobalSection(SolutionProperties) = preSolution
		HideSolutionNode = FALSE
	EndGlobalSection
	GlobalSection(ExtensibilityGlobals) = postSolution
		SolutionGuid = {67471380-C605-4E6E-8CCD-EAEC387BED60}
	EndGlobalSection
EndGlobal
